
Microsoft Visual Studio Solution File, Format Version 12.00
# Visual Studio 2012
Project("{FAE04EC0-301F-11D3-BF4B-00C04F79EFBC}") = "aparcame", "aparcame\aparcame.csproj", "{91921B90-3D9C-4591-B35F-1A15F5064AC0}"
EndProject
Project("{FAE04EC0-301F-11D3-BF4B-00C04F79EFBC}") = "aparcame.Droid", "Droid\aparcame.Droid.csproj", "{940FAA06-6102-4226-976A-266522DFB8B9}"
EndProject
Project("{FAE04EC0-301F-11D3-BF4B-00C04F79EFBC}") = "aparcame.iOS", "iOS\aparcame.iOS.csproj", "{86EB9004-38A0-474B-A22F-9DF970834413}"
EndProject
Global
	GlobalSection(SolutionConfigurationPlatforms) = preSolution
		Debug|Any CPU = Debug|Any CPU
		Release|Any CPU = Release|Any CPU
		Debug|iPhoneSimulator = Debug|iPhoneSimulator
		Release|iPhone = Release|iPhone
		Release|iPhoneSimulator = Release|iPhoneSimulator
		Debug|iPhone = Debug|iPhone
	EndGlobalSection
	GlobalSection(ProjectConfigurationPlatforms) = postSolution
		{91921B90-3D9C-4591-B35F-1A15F5064AC0}.Debug|Any CPU.ActiveCfg = Debug|Any CPU
		{91921B90-3D9C-4591-B35F-1A15F5064AC0}.Debug|Any CPU.Build.0 = Debug|Any CPU
		{91921B90-3D9C-4591-B35F-1A15F5064AC0}.Release|Any CPU.ActiveCfg = Release|Any CPU
		{91921B90-3D9C-4591-B35F-1A15F5064AC0}.Release|Any CPU.Build.0 = Release|Any CPU
		{91921B90-3D9C-4591-B35F-1A15F5064AC0}.Debug|iPhoneSimulator.ActiveCfg = Debug|Any CPU
		{91921B90-3D9C-4591-B35F-1A15F5064AC0}.Debug|iPhoneSimulator.Build.0 = Debug|Any CPU
		{91921B90-3D9C-4591-B35F-1A15F5064AC0}.Release|iPhone.ActiveCfg = Release|Any CPU
		{91921B90-3D9C-4591-B35F-1A15F5064AC0}.Release|iPhone.Build.0 = Release|Any CPU
		{91921B90-3D9C-4591-B35F-1A15F5064AC0}.Release|iPhoneSimulator.ActiveCfg = Release|Any CPU
		{91921B90-3D9C-4591-B35F-1A15F5064AC0}.Release|iPhoneSimulator.Build.0 = Release|Any CPU
		{91921B90-3D9C-4591-B35F-1A15F5064AC0}.Debug|iPhone.ActiveCfg = Debug|Any CPU
		{91921B90-3D9C-4591-B35F-1A15F5064AC0}.Debug|iPhone.Build.0 = Debug|Any CPU
		{940FAA06-6102-4226-976A-266522DFB8B9}.Debug|Any CPU.ActiveCfg = Debug|Any CPU
		{940FAA06-6102-4226-976A-266522DFB8B9}.Debug|Any CPU.Build.0 = Debug|Any CPU
		{940FAA06-6102-4226-976A-266522DFB8B9}.Release|Any CPU.ActiveCfg = Release|Any CPU
		{940FAA06-6102-4226-976A-266522DFB8B9}.Release|Any CPU.Build.0 = Release|Any CPU
		{940FAA06-6102-4226-976A-266522DFB8B9}.Debug|iPhoneSimulator.ActiveCfg = Debug|Any CPU
		{940FAA06-6102-4226-976A-266522DFB8B9}.Debug|iPhoneSimulator.Build.0 = Debug|Any CPU
		{940FAA06-6102-4226-976A-266522DFB8B9}.Release|iPhone.ActiveCfg = Release|Any CPU
		{940FAA06-6102-4226-976A-266522DFB8B9}.Release|iPhone.Build.0 = Release|Any CPU
		{940FAA06-6102-4226-976A-266522DFB8B9}.Release|iPhoneSimulator.ActiveCfg = Release|Any CPU
		{940FAA06-6102-4226-976A-266522DFB8B9}.Release|iPhoneSimulator.Build.0 = Release|Any CPU
		{940FAA06-6102-4226-976A-266522DFB8B9}.Debug|iPhone.ActiveCfg = Debug|Any CPU
		{940FAA06-6102-4226-976A-266522DFB8B9}.Debug|iPhone.Build.0 = Debug|Any CPU
		{86EB9004-38A0-474B-A22F-9DF970834413}.Debug|Any CPU.ActiveCfg = Debug|iPhoneSimulator
		{86EB9004-38A0-474B-A22F-9DF970834413}.Debug|Any CPU.Build.0 = Debug|iPhoneSimulator
		{86EB9004-38A0-474B-A22F-9DF970834413}.Release|Any CPU.ActiveCfg = Release|iPhone
		{86EB9004-38A0-474B-A22F-9DF970834413}.Release|Any CPU.Build.0 = Release|iPhone
		{86EB9004-38A0-474B-A22F-9DF970834413}.Debug|iPhoneSimulator.ActiveCfg = Debug|iPhoneSimulator
		{86EB9004-38A0-474B-A22F-9DF970834413}.Debug|iPhoneSimulator.Build.0 = Debug|iPhoneSimulator
		{86EB9004-38A0-474B-A22F-9DF970834413}.Release|iPhone.ActiveCfg = Release|iPhone
		{86EB9004-38A0-474B-A22F-9DF970834413}.Release|iPhone.Build.0 = Release|iPhone
		{86EB9004-38A0-474B-A22F-9DF970834413}.Release|iPhoneSimulator.ActiveCfg = Release|iPhoneSimulator
		{86EB9004-38A0-474B-A22F-9DF970834413}.Release|iPhoneSimulator.Build.0 = Release|iPhoneSimulator
		{86EB9004-38A0-474B-A22F-9DF970834413}.Debug|iPhone.ActiveCfg = Debug|iPhone
		{86EB9004-38A0-474B-A22F-9DF970834413}.Debug|iPhone.Build.0 = Debug|iPhone
	EndGlobalSection
EndGlobal
